{
  "name": "rollup-plugin-node",
  "version": "0.0.1",
  "lockfileVersion": 1,
  "requires": true,
  "dependencies": {
    "@rollup/pluginutils": {
      "version": "4.0.0",
      "resolved": "http://dev.ipleanware.com/nexus/repository/npm-group/@rollup/pluginutils/-/pluginutils-4.0.0.tgz",
      "integrity": "sha512-b5QiJRye4JlSg29bKNEECoKbLuPXZkPEHSgEjjP1CJV1CPdDBybfYHfm6kyq8yK51h/Zsyl8OvWUrp0FUBukEQ==",
      "requires": {
        "@types/estree": "0.0.45",
        "estree-walker": "^2.0.1",
        "picomatch": "^2.2.2"
      }
    },
    "@types/estree": {
      "version": "0.0.45",
      "resolved": "http://dev.ipleanware.com/nexus/repository/npm-group/@types/estree/-/estree-0.0.45.tgz",
      "integrity": "sha512-jnqIUKDUqJbDIUxm0Uj7bnlMnRm1T/eZ9N+AVMqhPgzrba2GhGG5o/jCTwmdPK709nEZsGoMzXEDUjcXHa3W0g=="
    },
    "estree-walker": {
      "version": "2.0.1",
      "resolved": "http://dev.ipleanware.com/nexus/repository/npm-group/estree-walker/-/estree-walker-2.0.1.tgz",
      "integrity": "sha512-tF0hv+Yi2Ot1cwj9eYHtxC0jB9bmjacjQs6ZBTj82H8JwUywFuc+7E83NWfNMwHXZc11mjfFcVXPe9gEP4B8dg=="
    },
    "magic-string": {
      "version": "0.25.7",
      "resolved": "http://dev.ipleanware.com/nexus/repository/npm-group/magic-string/-/magic-string-0.25.7.tgz",
      "integrity": "sha512-4CrMT5DOHTDk4HYDlzmwu4FVCcIYI8gauveasrdCu2IKIFOJ3f0v/8MDGJCDL9oD2ppz/Av1b0Nj345H9M+XIA==",
      "requires": {
        "sourcemap-codec": "^1.4.4"
      }
    },
    "picomatch": {
      "version": "2.2.2",
      "resolved": "http://dev.ipleanware.com/nexus/repository/npm-group/picomatch/-/picomatch-2.2.2.tgz",
      "integrity": "sha512-q0M/9eZHzmr0AulXyPwNfZjtwZ/RBZlbN3K3CErVrk50T2ASYI7Bye0EvekFY3IP1Nt2DHu0re+V2ZHIpMkuWg=="
    },
    "sourcemap-codec": {
      "version": "1.4.8",
      "resolved": "http://dev.ipleanware.com/nexus/repository/npm-group/sourcemap-codec/-/sourcemap-codec-1.4.8.tgz",
      "integrity": "sha512-9NykojV5Uih4lgo5So5dtw+f0JgJX30KCNI8gwhz2J9A15wD0Ml6tjHKwf6fTSa6fAdVBdZeNOs9eJ71qCk8vA=="
    }
  }
}
